github.com/andybalholm/brotli v1.0.5 h1:8uQ6f3H2Cr5o3V6W1MoApW8UCIuv4U4OA6JKZN1aL88=
github.com/andybalholm/brotli v1.0.5/go.mod h1:fO7iG3H7G2nSZ7m0zPUDn85XEX2GTukHGRSepvi9Eig=
github.com/fasthttp/websocket v1.5.3/go.mod h1:WNHfG41Ui6Lz6nhnUm7I/MbjTMKIm+sDe1Ixr9LPE8U=
github.com/google/uuid v1.5.0 h1:1p67kYwdtXjb0gL0BPiP1Av9wiZPo5AmsAuJpzkY0WQ=
github.com/google/uuid v1.5.0/go.mod h1:TIyPZe4MgqvfeYDBFedMoGGpEw/LqOeaOT+nhxU+yHo=
github.com/gofiber/fiber/v2 v2.52.0 h1:S+qXi7y+TxAbiWpF2fT+2z2G6JQu1Dc1GnKrzipwSmA=
github.com/gofiber/fiber/v2 v2.52.0/go.mod h1:KEOE+cXMhXG0zHc9d8+E38hoX+ZN7bhOtgeF2oT1jRY=
github.com/golang-jwt/jwt/v5 v5.2.0 h1:d/ix8ftRUorsN+5WuP8I1uIr7jRMWVpCom9JK5I2au8=
github.com/golang-jwt/jwt/v5 v5.2.0/go.mod h1:pqrtFR0X4osieyHYxtmOUWsAWrfe1Q5UVI5CrWIWeNdc=
github.com/klauspost/compress v1.17.0 h1:Rnbp4K9EjcDuVuHtd0dgA4qNuv9yKDYKK1ulpJwgrqM=
github.com/klauspost/compress v1.17.0/go.mod h1:ntbaceVETuRiXiv4DpjU66h9xQ+TeD1l1jR0Ic3V1Uw=
github.com/lib/pq v1.10.9 h1:YXG7RB+JIjhP29X+TuBS6C0xp5E7v9FL9YQEjZP3i6E=
github.com/lib/pq v1.10.9/go.mod h1:AlVN5x4E4T544tWzH6hKfbfQvm3HdbOxrmggDNAPY9o=
github.com/mattn/go-colorable v0.1.13 h1:fFA4WZxdEF4tXPZVKMLwD8eUnlj0QZctwaMW2ZQLryI=
github.com/mattn/go-colorable v0.1.13/go.mod h1:7S9/ev0klgBDR4vtgrkP8JCGa5Bv1PnZVBDtkkdYFFk=
github.com/mattn/go-isatty v0.0.16/go.mod h1:kYGgaQfpe5nmfYZHckSKlNo9egU10uT8JSv5r5W2Cfk=
github.com/mattn/go-isatty v0.0.20 h1:xfD0i9lfP6CrxMcKuGdX6MGGtP1cn2z1YZPGX/XR3i8=
github.com/mattn/go-isatty v0.0.20/go.mod h1:Wai8Rx4a89zDuMzSHRHBQb郡4O1rbEfcSSBHQaVf+k=
github.com/mattn/go-runewidth v0.0.15 h1:UNAjwbU9l54TA3KzvqLGxwWjHmMgBUVhBiTjelXiH20=
github.com/mattn/go-runewidth v0.0.15/go.mod h1:Jdepj2loyihzM7cFcI7lcu7tc7C4f3kWxfK3sLPuPQk=
github.com/rivo/uniseg v0.2.0 h1:S1pD9weZBuJdFmowNwbpi7BJ8/TYhU838dh9IqK5WBY=
github.com/rivo/uniseg v0.2.0/go.mod h1:J6wj4VEh+S6ZtnVlnTBMWIodfgj8LQOQFoIToxlJtxc=
github.com/savsgio/gotils v0.0.0-20230208104028-c358bd845dee h1:8eAVu7d3aJ3Xe3S6tZPNNV+2xU36G8cKxKz5vL3cTPU=
github.com/savsgio/gotils v0.0.0-20230208104028-c358bd845dee/go.mod h1:R0BTfElsh6VWLl4/bLOxP5LXKxT2QjNaFy7i7lgstyw=
github.com/valyala/bytebufferpool v1.0.0 h1:GqA5TCa0021kEUVq1kVEUO7/O8VhFuNLh3yYZKa7lO8=
github.com/valyala/bytebufferpool v1.0.0/go.mod h1:6bBcMArwyJ5K/AmCkWv1jt77kVWyCpYCmfDIRT3xlhU=
github.com/valyala/fasthttp v1.51.0 h1:8b30A5JlZ6C7AS81RsWjYMQmrZG6feChmgAolCl1SqA=
github.com/valyala/fasthttp v1.51.0/go.mod h1:oI2XroL+lI7vdXyYoQk03bXBThfFl01cH7dygNNL3Y=
github.com/valyala/tcplisten v1.0.0 h1:RBLbKjy7o7mT1UZXMg0flQ7EI5AiTEGF9WzU2Z2Vbc=
github.com/valyala/tcplisten v1.0.0/go.mod h1:T0xQ8SeCZGxckz9qRXTfG43PvQ/mcWhHLFw8eP6C6T8=
golang.org/x/crypto v0.18.0 h1:PGVln7W9ktGmYInZ3zT0Xh+U89bE9+f6cWWWN3C3L4fE=
golang.org/x/crypto v0.18.0/go.mod h1:R0j02AL6hcrfO3dA7rJeA4G1p/UhFHhkcxvvJ1vGh5k=
golang.org/x/sys v0.0.0-20220811171246-fbc7d0a398ab/go.mod h1:oPkhp1MJrh7nUepCBck5+mAzfO9Jrb6NNsaOd+1GNXI=
golang.org/x/sys v0.6.0/go.mod h1:oPkhp1MJrh7nUepCBck5+mAzfO9Jrb6NNsaOd+1GNXI=
golang.org/x/sys v0.16.0 h1:xWw16qD1xKI5tN9n2hkmg33hQfhOCGZzPvKc2K5VPM=
golang.org/x/sys v0.16.0/go.mod h1:/VUhepiaJMQUp4+osa/7Zr1D23ma6VTLIYjOOTFZPUcA=
